
Microsoft Visual Studio Solution File, Format Version 12.00
# Visual Studio 15
Project("{FAE04EC0-301F-11D3-BF4B-00C04F79EFBC}") = "Assembly-CSharp", "Assembly-CSharp.csproj", "{3C14D9D9-1A0C-82B0-E5F0-D28F50C26F30}"
EndProject
Global
	GlobalSection(SolutionConfigurationPlatforms) = preSolution
		Debug|Any CPU = Debug|Any CPU
		Release|Any CPU = Release|Any CPU
	EndGlobalSection
	GlobalSection(ProjectConfigurationPlatforms) = postSolution
		{3C14D9D9-1A0C-82B0-E5F0-D28F50C26F30}.Debug|Any CPU.ActiveCfg = Debug|Any CPU
		{3C14D9D9-1A0C-82B0-E5F0-D28F50C26F30}.Debug|Any CPU.Build.0 = Debug|Any CPU
		{3C14D9D9-1A0C-82B0-E5F0-D28F50C26F30}.Release|Any CPU.ActiveCfg = Release|Any CPU
		{3C14D9D9-1A0C-82B0-E5F0-D28F50C26F30}.Release|Any CPU.Build.0 = Release|Any CPU
	EndGlobalSection
	GlobalSection(SolutionProperties) = preSolution
		HideSolutionNode = FALSE
	EndGlobalSection
EndGlobal
